
Microsoft Visual Studio Solution File, Format Version 12.00
# Visual Studio 2017
Project("{FAE04EC0-301F-11D3-BF4B-00C04F79EFBC}") = "Food Adventure Test", "Food Adventure Test.csproj", "{146A66E4-C4AA-694E-0078-BD381233A7CD}"
EndProject
Project("{FAE04EC0-301F-11D3-BF4B-00C04F79EFBC}") = "Food Adventure Test.Editor", "Food Adventure Test.Editor.csproj", "{FB627D56-B355-AE66-7599-B6EF78445A33}"
EndProject
Global
	GlobalSection(SolutionConfigurationPlatforms) = preSolution
		Debug|Any CPU = Debug|Any CPU
		Release|Any CPU = Release|Any CPU
	EndGlobalSection
	GlobalSection(ProjectConfigurationPlatforms) = postSolution
		{146A66E4-C4AA-694E-0078-BD381233A7CD}.Debug|Any CPU.ActiveCfg = Debug|Any CPU
		{146A66E4-C4AA-694E-0078-BD381233A7CD}.Debug|Any CPU.Build.0 = Debug|Any CPU
		{146A66E4-C4AA-694E-0078-BD381233A7CD}.Release|Any CPU.ActiveCfg = Release|Any CPU
		{146A66E4-C4AA-694E-0078-BD381233A7CD}.Release|Any CPU.Build.0 = Release|Any CPU
		{FB627D56-B355-AE66-7599-B6EF78445A33}.Debug|Any CPU.ActiveCfg = Debug|Any CPU
		{FB627D56-B355-AE66-7599-B6EF78445A33}.Debug|Any CPU.Build.0 = Debug|Any CPU
		{FB627D56-B355-AE66-7599-B6EF78445A33}.Release|Any CPU.ActiveCfg = Release|Any CPU
		{FB627D56-B355-AE66-7599-B6EF78445A33}.Release|Any CPU.Build.0 = Release|Any CPU
	EndGlobalSection
	GlobalSection(SolutionProperties) = preSolution
		HideSolutionNode = FALSE
	EndGlobalSection
EndGlobal
